# This file was autogenerated by Stack.
# You should not edit this file by hand.
# For more information, please see the documentation at:
#   https://docs.haskellstack.org/en/stable/lock_files

packages:
- completed:
    name: sdl2-image
    version: 2.0.0
    git: https://github.com/haskell-game/sdl2-image.git
    pantry-tree:
      size: 545
      sha256: 3f8d686c74dd577de885ef34703859efb2a8d543183ba1ccb71b77868cc052f9
    commit: 382395c763b473032721c71921b5c9241142178f
  original:
    git: https://github.com/haskell-game/sdl2-image.git
    commit: 382395c763b473032721c71921b5c9241142178f
- completed:
    name: sdl2-ttf
    version: 2.1.2
    git: https://github.com/haskell-game/sdl2-ttf.git
    pantry-tree:
      size: 646
      sha256: bb461bc8f86a2f29673f18d5f67e6f9b632bcae621c803fbdd9ead4edfa63aad
    commit: 26631ca9347413921ff91137ef192086d93bbb02
  original:
    git: https://github.com/haskell-game/sdl2-ttf.git
    commit: 26631ca9347413921ff91137ef192086d93bbb02
- completed:
    name: sdl2-mixer
    version: 1.1.0
    git: https://github.com/haskell-game/sdl2-mixer.git
    pantry-tree:
      size: 886
      sha256: 031e46a053e05b62a983ac0702539e372e5fb5f339639909df70f764fd91ed88
    commit: c32e9517f81327f6d73b55e17f595f17824eb84d
  original:
    git: https://github.com/haskell-game/sdl2-mixer.git
    commit: c32e9517f81327f6d73b55e17f595f17824eb84d
snapshots:
- completed:
    size: 586069
    url: https://raw.githubusercontent.com/commercialhaskell/stackage-snapshots/master/lts/18/14.yaml
    sha256: 87842ecbaa8ca9cee59a7e6be52369dbed82ed075cb4e0d152614a627e8fd488
  original:
    url: https://raw.githubusercontent.com/commercialhaskell/stackage-snapshots/master/lts/18/14.yaml
